
Microsoft Visual Studio Solution File, Format Version 12.00
# Visual Studio Version 16
VisualStudioVersion = 16.0.29411.108
MinimumVisualStudioVersion = 10.0.40219.1
Project("{FAE04EC0-301F-11D3-BF4B-00C04F79EFBC}") = "Scraper.ConsoleApp", "Scraper.ConsoleApp\Scraper.ConsoleApp.csproj", "{EB8B9DFE-E44F-4D78-BE97-C5793DED7A64}"
EndProject
Global
	GlobalSection(SolutionConfigurationPlatforms) = preSolution
		Debug|Any CPU = Debug|Any CPU
		Release|Any CPU = Release|Any CPU
	EndGlobalSection
	GlobalSection(ProjectConfigurationPlatforms) = postSolution
		{EB8B9DFE-E44F-4D78-BE97-C5793DED7A64}.Debug|Any CPU.ActiveCfg = Debug|Any CPU
		{EB8B9DFE-E44F-4D78-BE97-C5793DED7A64}.Debug|Any CPU.Build.0 = Debug|Any CPU
		{EB8B9DFE-E44F-4D78-BE97-C5793DED7A64}.Release|Any CPU.ActiveCfg = Release|Any CPU
		{EB8B9DFE-E44F-4D78-BE97-C5793DED7A64}.Release|Any CPU.Build.0 = Release|Any CPU
	EndGlobalSection
	GlobalSection(SolutionProperties) = preSolution
		HideSolutionNode = FALSE
	EndGlobalSection
	GlobalSection(ExtensibilityGlobals) = postSolution
		SolutionGuid = {84B48F8B-38E3-46FA-813A-198117897B66}
	EndGlobalSection
EndGlobal
